
Microsoft Visual Studio Solution File, Format Version 12.00
# Visual Studio Version 16
VisualStudioVersion = 16.0.31702.278
MinimumVisualStudioVersion = 10.0.40219.1
Project("{FAE04EC0-301F-11D3-BF4B-00C04F79EFBC}") = "ExpendedoraBase", "ExpendedoraBase\ExpendedoraBase.csproj", "{C3DAADF0-95F7-4511-91C4-D8578A0749EB}"
EndProject
Global
	GlobalSection(SolutionConfigurationPlatforms) = preSolution
		Debug|Any CPU = Debug|Any CPU
		Release|Any CPU = Release|Any CPU
	EndGlobalSection
	GlobalSection(ProjectConfigurationPlatforms) = postSolution
		{C3DAADF0-95F7-4511-91C4-D8578A0749EB}.Debug|Any CPU.ActiveCfg = Debug|Any CPU
		{C3DAADF0-95F7-4511-91C4-D8578A0749EB}.Debug|Any CPU.Build.0 = Debug|Any CPU
		{C3DAADF0-95F7-4511-91C4-D8578A0749EB}.Release|Any CPU.ActiveCfg = Release|Any CPU
		{C3DAADF0-95F7-4511-91C4-D8578A0749EB}.Release|Any CPU.Build.0 = Release|Any CPU
	EndGlobalSection
	GlobalSection(SolutionProperties) = preSolution
		HideSolutionNode = FALSE
	EndGlobalSection
	GlobalSection(ExtensibilityGlobals) = postSolution
		SolutionGuid = {CC498B95-8427-4DE4-9049-680D7CA702CA}
	EndGlobalSection
EndGlobal
